
Microsoft Visual Studio Solution File, Format Version 12.00
# Visual Studio Version 17
VisualStudioVersion = 17.11.35222.181
MinimumVisualStudioVersion = 10.0.40219.1
Project("{FAE04EC0-301F-11D3-BF4B-00C04F79EFBC}") = "Instuderingsfragor", "Instuderingsfragor\Instuderingsfragor.csproj", "{BB305583-B24E-461F-A868-C53D205B728A}"
EndProject
Global
	GlobalSection(SolutionConfigurationPlatforms) = preSolution
		Debug|Any CPU = Debug|Any CPU
		Release|Any CPU = Release|Any CPU
	EndGlobalSection
	GlobalSection(ProjectConfigurationPlatforms) = postSolution
		{BB305583-B24E-461F-A868-C53D205B728A}.Debug|Any CPU.ActiveCfg = Debug|Any CPU
		{BB305583-B24E-461F-A868-C53D205B728A}.Debug|Any CPU.Build.0 = Debug|Any CPU
		{BB305583-B24E-461F-A868-C53D205B728A}.Release|Any CPU.ActiveCfg = Release|Any CPU
		{BB305583-B24E-461F-A868-C53D205B728A}.Release|Any CPU.Build.0 = Release|Any CPU
	EndGlobalSection
	GlobalSection(SolutionProperties) = preSolution
		HideSolutionNode = FALSE
	EndGlobalSection
	GlobalSection(ExtensibilityGlobals) = postSolution
		SolutionGuid = {08BBD498-1708-4619-B9E7-C7747095DE07}
	EndGlobalSection
EndGlobal
